
Microsoft Visual Studio Solution File, Format Version 12.00
# Visual Studio Version 17
VisualStudioVersion = 17.4.33213.308
MinimumVisualStudioVersion = 10.0.40219.1
Project("{9A19103F-16F7-4668-BE54-9A1E7A4F7556}") = "AM.UI.Console", "AM.UI.Console\AM.UI.Console.csproj", "{2603C69D-FC5D-49C6-B11C-21751F74CF2F}"
EndProject
Project("{9A19103F-16F7-4668-BE54-9A1E7A4F7556}") = "AM.ApplicationCore", "AM.ApplicationCore\AM.ApplicationCore.csproj", "{CBFDE676-FFA4-467F-A3A2-A22141D2FCF1}"
EndProject
Project("{FAE04EC0-301F-11D3-BF4B-00C04F79EFBC}") = "AM.Infrastructure", "AM.Infrastructure\AM.Infrastructure.csproj", "{A661036F-56C4-41F0-8125-7F8196523C52}"
EndProject
Global
	GlobalSection(SolutionConfigurationPlatforms) = preSolution
		Debug|Any CPU = Debug|Any CPU
		Release|Any CPU = Release|Any CPU
	EndGlobalSection
	GlobalSection(ProjectConfigurationPlatforms) = postSolution
		{2603C69D-FC5D-49C6-B11C-21751F74CF2F}.Debug|Any CPU.ActiveCfg = Debug|Any CPU
		{2603C69D-FC5D-49C6-B11C-21751F74CF2F}.Debug|Any CPU.Build.0 = Debug|Any CPU
		{2603C69D-FC5D-49C6-B11C-21751F74CF2F}.Release|Any CPU.ActiveCfg = Release|Any CPU
		{2603C69D-FC5D-49C6-B11C-21751F74CF2F}.Release|Any CPU.Build.0 = Release|Any CPU
		{CBFDE676-FFA4-467F-A3A2-A22141D2FCF1}.Debug|Any CPU.ActiveCfg = Debug|Any CPU
		{CBFDE676-FFA4-467F-A3A2-A22141D2FCF1}.Debug|Any CPU.Build.0 = Debug|Any CPU
		{CBFDE676-FFA4-467F-A3A2-A22141D2FCF1}.Release|Any CPU.ActiveCfg = Release|Any CPU
		{CBFDE676-FFA4-467F-A3A2-A22141D2FCF1}.Release|Any CPU.Build.0 = Release|Any CPU
		{A661036F-56C4-41F0-8125-7F8196523C52}.Debug|Any CPU.ActiveCfg = Debug|Any CPU
		{A661036F-56C4-41F0-8125-7F8196523C52}.Debug|Any CPU.Build.0 = Debug|Any CPU
		{A661036F-56C4-41F0-8125-7F8196523C52}.Release|Any CPU.ActiveCfg = Release|Any CPU
		{A661036F-56C4-41F0-8125-7F8196523C52}.Release|Any CPU.Build.0 = Release|Any CPU
	EndGlobalSection
	GlobalSection(SolutionProperties) = preSolution
		HideSolutionNode = FALSE
	EndGlobalSection
	GlobalSection(ExtensibilityGlobals) = postSolution
		SolutionGuid = {114B8D24-E956-4655-A988-D38A7FE6FC4C}
	EndGlobalSection
EndGlobal
